
Microsoft Visual Studio Solution File, Format Version 12.00
# Visual Studio Version 16
VisualStudioVersion = 16.0.32002.261
MinimumVisualStudioVersion = 10.0.40219.1
Project("{FAE04EC0-301F-11D3-BF4B-00C04F79EFBC}") = "ServerConfigRest_20160140049_HafidzEkaPradana", "ServerConfigRest_20160140049_HafidzEkaPradana\ServerConfigRest_20160140049_HafidzEkaPradana.csproj", "{F7516786-9868-48A9-B97A-1F282194173F}"
EndProject
Global
	GlobalSection(SolutionConfigurationPlatforms) = preSolution
		Debug|Any CPU = Debug|Any CPU
		Release|Any CPU = Release|Any CPU
	EndGlobalSection
	GlobalSection(ProjectConfigurationPlatforms) = postSolution
		{F7516786-9868-48A9-B97A-1F282194173F}.Debug|Any CPU.ActiveCfg = Debug|Any CPU
		{F7516786-9868-48A9-B97A-1F282194173F}.Debug|Any CPU.Build.0 = Debug|Any CPU
		{F7516786-9868-48A9-B97A-1F282194173F}.Release|Any CPU.ActiveCfg = Release|Any CPU
		{F7516786-9868-48A9-B97A-1F282194173F}.Release|Any CPU.Build.0 = Release|Any CPU
	EndGlobalSection
	GlobalSection(SolutionProperties) = preSolution
		HideSolutionNode = FALSE
	EndGlobalSection
	GlobalSection(ExtensibilityGlobals) = postSolution
		SolutionGuid = {805677DE-9279-4F93-AD04-777746552094}
	EndGlobalSection
EndGlobal
